[[package]]
name = "blessings"
version = "1.7"
description = "A thin, practical wrapper around terminal coloring, styling, and positioning"
category = "dev"
optional = false
python-versions = ">=2.7, !=3.0.*, !=3.1.*, !=3.2.*, !=3.3.*"

[package.dependencies]
six = "*"

[[package]]
name = "bpython"
version = "0.20"
description = "Fancy Interface to the Python Interpreter"
category = "dev"
optional = false
python-versions = "*"

[package.dependencies]
curtsies = ">=0.3.0"
greenlet = "*"
pygments = "*"
requests = "*"
six = ">=1.5"
wcwidth = "*"

[package.extras]
jedi = ["jedi"]
urwid = ["urwid"]
watch = ["watchdog"]

[[package]]
name = "certifi"
version = "2020.6.20"
description = "Python package for providing Mozilla's CA Bundle."
category = "dev"
optional = false
python-versions = "*"

[[package]]
name = "chardet"
version = "3.0.4"
description = "Universal encoding detector for Python 2 and 3"
category = "dev"
optional = false
python-versions = "*"

[[package]]
name = "curtsies"
version = "0.3.4"
description = "Curses-like terminal wrapper, with colored strings!"
category = "dev"
optional = false
python-versions = "*"

[package.dependencies]
blessings = ">=1.5"
wcwidth = ">=0.1.4"

[[package]]
name = "greenlet"
version = "0.4.17"
description = "Lightweight in-process concurrent programming"
category = "dev"
optional = false
python-versions = "*"

[[package]]
name = "idna"
version = "2.10"
description = "Internationalized Domain Names in Applications (IDNA)"
category = "dev"
optional = false
python-versions = ">=2.7, !=3.0.*, !=3.1.*, !=3.2.*, !=3.3.*"

[[package]]
name = "pygments"
version = "2.7.2"
description = "Pygments is a syntax highlighting package written in Python."
category = "dev"
optional = false
python-versions = ">=3.5"

[[package]]
name = "requests"
version = "2.24.0"
description = "Python HTTP for Humans."
category = "dev"
optional = false
python-versions = ">=2.7, !=3.0.*, !=3.1.*, !=3.2.*, !=3.3.*, !=3.4.*"

[package.dependencies]
certifi = ">=2017.4.17"
chardet = ">=3.0.2,<4"
idna = ">=2.5,<3"
urllib3 = ">=1.21.1,<1.25.0 || >1.25.0,<1.25.1 || >1.25.1,<1.26"

[package.extras]
security = ["pyOpenSSL (>=0.14)", "cryptography (>=1.3.4)"]
socks = ["PySocks (>=1.5.6,!=1.5.7)", "win-inet-pton"]

[[package]]
name = "six"
version = "1.15.0"
description = "Python 2 and 3 compatibility utilities"
category = "dev"
optional = false
python-versions = ">=2.7, !=3.0.*, !=3.1.*, !=3.2.*"

[[package]]
name = "toml"
version = "0.10.1"
description = "Python Library for Tom's Obvious, Minimal Language"
category = "dev"
optional = false
python-versions = "*"

[[package]]
name = "tomlkit"
version = "0.7.0"
description = "Style preserving TOML library"
category = "main"
optional = false
python-versions = ">=2.7, !=3.0.*, !=3.1.*, !=3.2.*, !=3.3.*, !=3.4.*"

[[package]]
name = "urllib3"
version = "1.22"
description = "HTTP library with thread-safe connection pooling, file post, and more."
category = "dev"
optional = false
python-versions = "*"

[package.extras]
secure = ["pyOpenSSL (>=0.14)", "cryptography (>=1.3.4)", "idna (>=2.0.0)", "certifi", "ipaddress"]
socks = ["PySocks (>=1.5.6,!=1.5.7,<2.0)"]

[[package]]
name = "wcwidth"
version = "0.2.5"
description = "Measures the displayed width of unicode strings in a terminal"
category = "dev"
optional = false
python-versions = "*"

[metadata]
lock-version = "1.1"
python-versions = ">=3.5"
content-hash = "bffeb48761ca93c878be6283398bb1ab6bc9b181640e982dcf6f80373cb3d976"

[metadata.files]
blessings = [
    {file = "blessings-1.7-py2-none-any.whl", hash = "sha256:caad5211e7ba5afe04367cdd4cfc68fa886e2e08f6f35e76b7387d2109ccea6e"},
    {file = "blessings-1.7-py3-none-any.whl", hash = "sha256:b1fdd7e7a675295630f9ae71527a8ebc10bfefa236b3d6aa4932ee4462c17ba3"},
    {file = "blessings-1.7.tar.gz", hash = "sha256:98e5854d805f50a5b58ac2333411b0482516a8210f23f43308baeb58d77c157d"},
]
bpython = [
    {file = "bpython-0.20-py2.py3-none-any.whl", hash = "sha256:48f8bb4c50ff8b17fc49632da16122b62b326aa0c14e35e4044861af26d07642"},
    {file = "bpython-0.20.tar.gz", hash = "sha256:fec7d97be9912a50d8f5b34ca10d70715c99a33f0cd0b9e4977c1b0f617fa913"},
]
certifi = [
    {file = "certifi-2020.6.20-py2.py3-none-any.whl", hash = "sha256:8fc0819f1f30ba15bdb34cceffb9ef04d99f420f68eb75d901e9560b8749fc41"},
    {file = "certifi-2020.6.20.tar.gz", hash = "sha256:5930595817496dd21bb8dc35dad090f1c2cd0adfaf21204bf6732ca5d8ee34d3"},
]
chardet = [
    {file = "chardet-3.0.4-py2.py3-none-any.whl", hash = "sha256:fc323ffcaeaed0e0a02bf4d117757b98aed530d9ed4531e3e15460124c106691"},
    {file = "chardet-3.0.4.tar.gz", hash = "sha256:84ab92ed1c4d4f16916e05906b6b75a6c0fb5db821cc65e70cbd64a3e2a5eaae"},
]
curtsies = [
    {file = "curtsies-0.3.4-py2.py3-none-any.whl", hash = "sha256:068db8e5d8a2f23b765d648a66dfa9445cf2412177126ae946a7357ade992640"},
    {file = "curtsies-0.3.4.tar.gz", hash = "sha256:4ca543998d8bbba7185db099f8b7bb30baeb47426f7ac1a271e4d9ca8bbb2b05"},
]
greenlet = [
    {file = "greenlet-0.4.17-cp27-cp27m-manylinux1_x86_64.whl", hash = "sha256:75e4c27188f28149b74e7685809f9227410fd15432a4438fc48627f518577fa5"},
    {file = "greenlet-0.4.17-cp27-cp27m-win32.whl", hash = "sha256:3af587e9813f9bd8be9212722321a5e7be23b2bc37e6323a90e592ab0c2ef117"},
    {file = "greenlet-0.4.17-cp27-cp27m-win_amd64.whl", hash = "sha256:ccd62f09f90b2730150d82f2f2ffc34d73c6ce7eac234aed04d15dc8a3023994"},
    {file = "greenlet-0.4.17-cp27-cp27mu-manylinux1_x86_64.whl", hash = "sha256:13037e2d7ab2145300676852fa069235512fdeba4ed1e3bb4b0677a04223c525"},
    {file = "greenlet-0.4.17-cp35-cp35m-manylinux1_x86_64.whl", hash = "sha256:e495096e3e2e8f7192afb6aaeba19babc4fb2bdf543d7b7fed59e00c1df7f170"},
    {file = "greenlet-0.4.17-cp35-cp35m-win32.whl", hash = "sha256:124a3ae41215f71dc91d1a3d45cbf2f84e46b543e5d60b99ecc20e24b4c8f272"},
    {file = "greenlet-0.4.17-cp35-cp35m-win_amd64.whl", hash = "sha256:5494e3baeacc371d988345fbf8aa4bd15555b3077c40afcf1994776bb6d77eaf"},
    {file = "greenlet-0.4.17-cp36-cp36m-manylinux1_x86_64.whl", hash = "sha256:bee111161420f341a346731279dd976be161b465c1286f82cc0779baf7b729e8"},
    {file = "greenlet-0.4.17-cp36-cp36m-win32.whl", hash = "sha256:ac85db59aa43d78547f95fc7b6fd2913e02b9e9b09e2490dfb7bbdf47b2a4914"},
    {file = "greenlet-0.4.17-cp36-cp36m-win_amd64.whl", hash = "sha256:4481002118b2f1588fa3d821936ffdc03db80ef21186b62b90c18db4ba5e743b"},
    {file = "greenlet-0.4.17-cp37-cp37m-manylinux1_x86_64.whl", hash = "sha256:be7a79988b8fdc5bbbeaed69e79cfb373da9759242f1565668be4fb7f3f37552"},
    {file = "greenlet-0.4.17-cp37-cp37m-win32.whl", hash = "sha256:97f2b01ab622a4aa4b3724a3e1fba66f47f054c434fbaa551833fa2b41e3db51"},
    {file = "greenlet-0.4.17-cp37-cp37m-win_amd64.whl", hash = "sha256:d3436110ca66fe3981031cc6aff8cc7a40d8411d173dde73ddaa5b8445385e2d"},
    {file = "greenlet-0.4.17-cp38-cp38-manylinux1_x86_64.whl", hash = "sha256:a34023b9eabb3525ee059f3bf33a417d2e437f7f17e341d334987d4091ae6072"},
    {file = "greenlet-0.4.17-cp38-cp38-win32.whl", hash = "sha256:e66a824f44892bc4ec66c58601a413419cafa9cec895e63d8da889c8a1a4fa4a"},
    {file = "greenlet-0.4.17-cp38-cp38-win_amd64.whl", hash = "sha256:47825c3a109f0331b1e54c1173d4e57fa000aa6c96756b62852bfa1af91cd652"},
    {file = "greenlet-0.4.17-cp39-cp39-manylinux1_x86_64.whl", hash = "sha256:1023d7b43ca11264ab7052cb09f5635d4afdb43df55e0854498fc63070a0b206"},
    {file = "greenlet-0.4.17.tar.gz", hash = "sha256:41d8835c69a78de718e466dd0e6bfd4b46125f21a67c3ff6d76d8d8059868d6b"},
]
idna = [
    {file = "idna-2.10-py2.py3-none-any.whl", hash = "sha256:b97d804b1e9b523befed77c48dacec60e6dcb0b5391d57af6a65a312a90648c0"},
    {file = "idna-2.10.tar.gz", hash = "sha256:b307872f855b18632ce0c21c5e45be78c0ea7ae4c15c828c20788b26921eb3f6"},
]
pygments = [
    {file = "Pygments-2.7.2-py3-none-any.whl", hash = "sha256:88a0bbcd659fcb9573703957c6b9cff9fab7295e6e76db54c9d00ae42df32773"},
    {file = "Pygments-2.7.2.tar.gz", hash = "sha256:381985fcc551eb9d37c52088a32914e00517e57f4a21609f48141ba08e193fa0"},
]
requests = [
    {file = "requests-2.24.0-py2.py3-none-any.whl", hash = "sha256:fe75cc94a9443b9246fc7049224f75604b113c36acb93f87b80ed42c44cbb898"},
    {file = "requests-2.24.0.tar.gz", hash = "sha256:b3559a131db72c33ee969480840fff4bb6dd111de7dd27c8ee1f820f4f00231b"},
]
six = [
    {file = "six-1.15.0-py2.py3-none-any.whl", hash = "sha256:8b74bedcbbbaca38ff6d7491d76f2b06b3592611af620f8426e82dddb04a5ced"},
    {file = "six-1.15.0.tar.gz", hash = "sha256:30639c035cdb23534cd4aa2dd52c3bf48f06e5f4a941509c8bafd8ce11080259"},
]
toml = [
    {file = "toml-0.10.1-py2.py3-none-any.whl", hash = "sha256:bda89d5935c2eac546d648028b9901107a595863cb36bae0c73ac804a9b4ce88"},
    {file = "toml-0.10.1.tar.gz", hash = "sha256:926b612be1e5ce0634a2ca03470f95169cf16f939018233a670519cb4ac58b0f"},
]
tomlkit = [
    {file = "tomlkit-0.7.0-py2.py3-none-any.whl", hash = "sha256:6babbd33b17d5c9691896b0e68159215a9387ebfa938aa3ac42f4a4beeb2b831"},
    {file = "tomlkit-0.7.0.tar.gz", hash = "sha256:ac57f29693fab3e309ea789252fcce3061e19110085aa31af5446ca749325618"},
]
urllib3 = [
    {file = "urllib3-1.22-py2.py3-none-any.whl", hash = "sha256:06330f386d6e4b195fbfc736b297f58c5a892e4440e54d294d7004e3a9bbea1b"},
    {file = "urllib3-1.22.tar.gz", hash = "sha256:cc44da8e1145637334317feebd728bd869a35285b93cbb4cca2577da7e62db4f"},
]
wcwidth = [
    {file = "wcwidth-0.2.5-py2.py3-none-any.whl", hash = "sha256:beb4802a9cebb9144e99086eff703a642a13d6a0052920003a230f3294bbe784"},
    {file = "wcwidth-0.2.5.tar.gz", hash = "sha256:c4d647b99872929fdb7bdcaa4fbe7f01413ed3d98077df798530e5b04f116c83"},
]
