[[package]]
category = "dev"
description = "Fast ASN.1 parser and serializer with definitions for private keys, public keys, certificates, CRL, OCSP, CMS, PKCS#3, PKCS#7, PKCS#8, PKCS#12, PKCS#5, X.509 and TSP"
name = "asn1crypto"
optional = false
platform = "*"
python-versions = "*"
version = "0.24.0"

[[package]]
category = "dev"
description = "A thin, practical wrapper around terminal coloring, styling, and positioning"
name = "blessings"
optional = false
platform = "*"
python-versions = ">=2.7, !=3.0.*, !=3.1.*, !=3.2.*, !=3.3.*"
version = "1.7"

[package.dependencies]
six = "*"

[[package]]
category = "dev"
description = "Fancy Interface to the Python Interpreter"
name = "bpython"
optional = false
platform = "*"
python-versions = "*"
version = "0.17.1"

[package.dependencies]
curtsies = ">=0.1.18"
greenlet = "*"
ndg-httpsclient = "*"
pyOpenSSL = "*"
pyasn1 = "*"
pygments = "*"
requests = "*"
six = ">=1.5"

[[package]]
category = "dev"
description = "Python package for providing Mozilla's CA Bundle."
name = "certifi"
optional = false
platform = "*"
python-versions = "*"
version = "2018.4.16"

[[package]]
category = "dev"
description = "Foreign Function Interface for Python calling C code."
name = "cffi"
optional = false
platform = "*"
python-versions = "*"
version = "1.11.5"

[package.dependencies]
pycparser = "*"

[[package]]
category = "dev"
description = "Universal encoding detector for Python 2 and 3"
name = "chardet"
optional = false
platform = "*"
python-versions = "*"
version = "3.0.4"

[[package]]
category = "dev"
description = "cryptography is a package which provides cryptographic recipes and primitives to Python developers."
name = "cryptography"
optional = false
platform = "*"
python-versions = ">=2.7,!=3.0.*,!=3.1.*,!=3.2.*,!=3.3.*"
version = "2.3"

[package.dependencies]
asn1crypto = ">=0.21.0"
cffi = ">=1.7,<1.11.3 || >1.11.3"
idna = ">=2.1"
six = ">=1.4.1"

[[package]]
category = "dev"
description = "Curses-like terminal wrapper, with colored strings!"
name = "curtsies"
optional = false
platform = "*"
python-versions = "*"
version = "0.3.0"

[package.dependencies]
blessings = ">=1.5"
typing = "*"
wcwidth = ">=0.1.4"

[[package]]
category = "dev"
description = "Lightweight in-process concurrent programming"
name = "greenlet"
optional = false
platform = "any"
python-versions = "*"
version = "0.4.14"

[[package]]
category = "dev"
description = "Internationalized Domain Names in Applications (IDNA)"
name = "idna"
optional = false
platform = "*"
python-versions = "*"
version = "2.7"

[[package]]
category = "dev"
description = "Provides enhanced HTTPS support for httplib and urllib2 using PyOpenSSL"
name = "ndg-httpsclient"
optional = false
platform = "*"
python-versions = ">=2.7, !=3.0.*, !=3.1.*, !=3.2.*, !=3.3.*"
version = "0.5.1"

[package.dependencies]
PyOpenSSL = "*"
pyasn1 = ">=0.1.1"

[[package]]
category = "dev"
description = "ASN.1 types and codecs"
name = "pyasn1"
optional = false
platform = "any"
python-versions = "*"
version = "0.4.3"

[[package]]
category = "dev"
description = "C parser in Python"
name = "pycparser"
optional = false
platform = "Cross Platform"
python-versions = "*"
version = "2.18"

[[package]]
category = "dev"
description = "Pygments is a syntax highlighting package written in Python."
name = "pygments"
optional = false
platform = "any"
python-versions = "*"
version = "2.2.0"

[[package]]
category = "dev"
description = "Python wrapper module around the OpenSSL library"
name = "pyopenssl"
optional = false
platform = "*"
python-versions = "*"
version = "18.0.0"

[package.dependencies]
cryptography = ">=2.2.1"
six = ">=1.5.2"

[[package]]
category = "dev"
description = "Python HTTP for Humans."
name = "requests"
optional = false
platform = "*"
python-versions = ">=2.6, !=3.0.*, !=3.1.*, !=3.2.*, !=3.3.*"
version = "2.19.1"

[package.dependencies]
certifi = ">=2017.4.17"
chardet = ">=3.0.2,<3.1.0"
idna = ">=2.5,<2.8"
urllib3 = ">=1.21.1,<1.24"

[[package]]
category = "dev"
description = "Python 2 and 3 compatibility utilities"
name = "six"
optional = false
platform = "*"
python-versions = "*"
version = "1.11.0"

[[package]]
category = "dev"
description = "Python Library for Tom's Obvious, Minimal Language"
name = "toml"
optional = false
platform = "*"
python-versions = "*"
version = "0.9.4"

[[package]]
category = "dev"
description = "Style preserving TOML library"
name = "tomlkit"
optional = false
platform = "*"
python-versions = ">=2.7, !=3.0.*, !=3.1.*, !=3.2.*, !=3.3.*"
version = "0.3.0"

[package.dependencies]

[package.dependencies.typing]
python = ">=2.7,<2.8 || >=3.4,<3.5"
version = ">=3.6,<4.0"

[[package]]
category = "dev"
description = "Type Hints for Python"
name = "typing"
optional = false
platform = "*"
python-versions = "*"
version = "3.6.4"

[[package]]
category = "dev"
description = "HTTP library with thread-safe connection pooling, file post, and more."
name = "urllib3"
optional = false
platform = "*"
python-versions = ">=2.6, !=3.0.*, !=3.1.*, !=3.2.*, !=3.3.*, <4"
version = "1.23"

[[package]]
category = "dev"
description = "Measures number of Terminal column cells of wide-character codes"
name = "wcwidth"
optional = false
platform = "UNKNOWN"
python-versions = "*"
version = "0.1.7"

[metadata]
content-hash = "45776e99cc5dca95b90b74e82081c0b1d661456d9e6f988ad2490a3d494a9fcb"
platform = "*"
python-versions = ">=3.4"

[metadata.hashes]
asn1crypto = ["2f1adbb7546ed199e3c90ef23ec95c5cf3585bac7d11fb7eb562a3fe89c64e87", "9d5c20441baf0cb60a4ac34cc447c6c189024b6b4c6cd7877034f4965c464e49"]
blessings = ["98e5854d805f50a5b58ac2333411b0482516a8210f23f43308baeb58d77c157d", "b1fdd7e7a675295630f9ae71527a8ebc10bfefa236b3d6aa4932ee4462c17ba3", "caad5211e7ba5afe04367cdd4cfc68fa886e2e08f6f35e76b7387d2109ccea6e"]
bpython = ["6cd1b165888c232f2fcdd4313577b6066155d6c94b3d42c0f11649c000394417", "8907c510bca3c4d9bc0a157279bdc5e3b739cc68c0f247167279b6fe4becb02f"]
certifi = ["13e698f54293db9f89122b0581843a782ad0934a4fe0172d2a980ba77fc61bb7", "9fa520c1bacfb634fa7af20a76bcbd3d5fb390481724c597da32c719a7dca4b0"]
cffi = ["151b7eefd035c56b2b2e1eb9963c90c6302dc15fbd8c1c0a83a163ff2c7d7743", "1553d1e99f035ace1c0544050622b7bc963374a00c467edafac50ad7bd276aef", "1b0493c091a1898f1136e3f4f991a784437fac3673780ff9de3bcf46c80b6b50", "2ba8a45822b7aee805ab49abfe7eec16b90587f7f26df20c71dd89e45a97076f", "3bb6bd7266598f318063e584378b8e27c67de998a43362e8fce664c54ee52d30", "3c85641778460581c42924384f5e68076d724ceac0f267d66c757f7535069c93", "3eb6434197633b7748cea30bf0ba9f66727cdce45117a712b29a443943733257", "495c5c2d43bf6cebe0178eb3e88f9c4aa48d8934aa6e3cddb865c058da76756b", "4c91af6e967c2015729d3e69c2e51d92f9898c330d6a851bf8f121236f3defd3", "57b2533356cb2d8fac1555815929f7f5f14d68ac77b085d2326b571310f34f6e", "770f3782b31f50b68627e22f91cb182c48c47c02eb405fd689472aa7b7aa16dc", "79f9b6f7c46ae1f8ded75f68cf8ad50e5729ed4d590c74840471fc2823457d04", "7a33145e04d44ce95bcd71e522b478d282ad0eafaf34fe1ec5bbd73e662f22b6", "857959354ae3a6fa3da6651b966d13b0a8bed6bbc87a0de7b38a549db1d2a359", "87f37fe5130574ff76c17cab61e7d2538a16f843bb7bca8ebbc4b12de3078596", "95d5251e4b5ca00061f9d9f3d6fe537247e145a8524ae9fd30a2f8fbce993b5b", "9d1d3e63a4afdc29bd76ce6aa9d58c771cd1599fbba8cf5057e7860b203710dd", "a36c5c154f9d42ec176e6e620cb0dd275744aa1d804786a71ac37dc3661a5e95", "a6a5cb8809091ec9ac03edde9304b3ad82ad4466333432b16d78ef40e0cce0d5", "ae5e35a2c189d397b91034642cb0eab0e346f776ec2eb44a49a459e6615d6e2e", "b0f7d4a3df8f06cf49f9f121bead236e328074de6449866515cea4907bbc63d6", "b75110fb114fa366b29a027d0c9be3709579602ae111ff61674d28c93606acca", "ba5e697569f84b13640c9e193170e89c13c6244c24400fc57e88724ef610cd31", "be2a9b390f77fd7676d80bc3cdc4f8edb940d8c198ed2d8c0be1319018c778e1", "ca1bd81f40adc59011f58159e4aa6445fc585a32bb8ac9badf7a2c1aa23822f2", "d5d8555d9bfc3f02385c1c37e9f998e2011f0db4f90e250e5bc0c0a85a813085", "e55e22ac0a30023426564b1059b035973ec82186ddddbac867078435801c7801", "e90f17980e6ab0f3c2f3730e56d1fe9bcba1891eeea58966e89d352492cc74f4", "ecbb7b01409e9b782df5ded849c178a0aa7c906cf8c5a67368047daab282b184", "ed01918d545a38998bfa5902c7c00e0fee90e957ce036a4000a88e3fe2264917", "edabd457cd23a02965166026fd9bfd196f4324fe6032e866d0f3bd0301cd486f", "fdf1c1dc5bafc32bc5d08b054f94d659422b05aba244d6be4ddc1c72d9aa70fb"]
chardet = ["84ab92ed1c4d4f16916e05906b6b75a6c0fb5db821cc65e70cbd64a3e2a5eaae", "fc323ffcaeaed0e0a02bf4d117757b98aed530d9ed4531e3e15460124c106691"]
cryptography = ["21af753934f2f6d1a10fe8f4c0a64315af209ef6adeaee63ca349797d747d687", "27bb401a20a838d6d0ea380f08c6ead3ccd8c9d8a0232dc9adcc0e4994576a66", "29720c4253263cff9aea64585adbbe85013ba647f6e98367efff9db2d7193ded", "2a35b7570d8f247889784010aac8b384fd2e4a47b33e15c4a60b45a7c1944120", "42c531a6a354407f42ee07fda5c2c0dc822cf6d52744949c182f2b295fbd4183", "5eb86f03f9c4f0ac2336ac5431271072ddf7ecc76b338e26366732cfac58aa19", "67f7f57eae8dede577f3f7775957f5bec93edd6bdb6ce597bb5b28e1bdf3d4fb", "6ec84edcbc966ae460560a51a90046503ff0b5b66157a9efc61515c68059f6c8", "7ba834564daef87557e7fcd35c3c3183a4147b0b3a57314e53317360b9b201b3", "7d7f084cbe1fdb82be5a0545062b59b1ad3637bc5a48612ac2eb428ff31b31ea", "82409f5150e529d699e5c33fa8fd85e965104db03bc564f5f4b6a9199e591f7c", "87d092a7c2a44e5f7414ab02fb4145723ebba411425e1a99773531dd4c0e9b8d", "8c56ef989342e42b9fcaba7c74b446f0cc9bed546dd00034fa7ad66fc00307ef", "9449f5d4d7c516a6118fa9210c4a00f34384cb1d2028672100ee0c6cce49d7f6", "bc2301170986ad82d9349a91eb8884e0e191209c45f5541b16aa7c0cfb135978", "c132bab45d4bd0fff1d3fe294d92b0a6eb8404e93337b3127bdec9f21de117e6", "c3d945b7b577f07a477700f618f46cbc287af3a9222cd73035c6ef527ef2c363", "cee18beb4c807b5c0b178f4fa2fae03cef9d51821a358c6890f8b23465b7e5d2", "d01dfc5c2b3495184f683574e03c70022674ca9a7be88589c5aba130d835ea90"]
curtsies = ["89c802ec051d01dec6fc983e9856a3706e4ea8265d2940b1f6d504a9e26ed3a9"]
greenlet = ["0411b5bf0de5ec11060925fd811ad49073fa19f995bcf408839eb619b59bb9f7", "131f4ed14f0fd28d2a9fa50f79a57d5ed1c8f742d3ccac3d773fee09ef6fe217", "13510d32f8db72a0b3e1720dbf8cba5c4eecdf07abc4cb631982f51256c453d1", "31dc4d77ef04ab0460d024786f51466dbbc274fda7c8aad0885a6df5ff8d642e", "35021d9fecea53b21e4defec0ff3ad69a8e2b75aca1ceddd444a5ba71216547e", "426a8ef9e3b97c27e841648241c2862442c13c91ec4a48c4a72b262ccf30add9", "58217698193fb94f3e6ff57eed0ae20381a8d06c2bc10151f76c06bb449a3a19", "5f45adbbb69281845981bb4e0a4efb8a405f10f3cd6c349cb4a5db3357c6bf93", "5fdb524767288f7ad161d2182f7ed6cafc0a283363728dcd04b9485f6411547c", "71fbee1f7ef3fb42efa3761a8faefc796e7e425f528de536cfb4c9de03bde885", "80bd314157851d06f7db7ca527082dbb0ee97afefb529cdcd59f7a5950927ba0", "b843c9ef6aed54a2649887f55959da0031595ccfaf7e7a0ba7aa681ffeaa0aa1", "c6a05ef8125503d2d282ccf1448e3599b8a6bd805c3cdee79760fa3da0ea090e", "deeda2769a52db840efe5bf7bdf7cefa0ae17b43a844a3259d39fb9465c8b008", "e66f8b09eec1afdcab947d3a1d65b87b25fde39e9172ae1bec562488335633b4", "e8db93045414980dbada8908d49dbbc0aa134277da3ff613b3e548cb275bdd37", "f1cc268a15ade58d9a0c04569fe6613e19b8b0345b64453064e2c3c6d79051af", "fe3001b6a4f3f3582a865b9e5081cc548b973ec20320f297f5e2d46860e9c703", "fe85bf7adb26eb47ad53a1bae5d35a28df16b2b93b89042a3a28746617a4738d"]
idna = ["156a6814fb5ac1fc6850fb002e0852d56c0c8d2531923a51032d1b70760e186e", "684a38a6f903c1d71d6d5fac066b58d7768af4de2b832e426ec79c30daa94a16"]
ndg-httpsclient = ["d2c7225f6a1c6cf698af4ebc962da70178a99bcde24ee6d1961c4f3338130d57", "d72faed0376ab039736c2ba12e30695e2788c4aa569c9c3e3d72131de2592210", "dd174c11d971b6244a891f7be2b32ca9853d3797a72edb34fa5d7b07d8fff7d4"]
pyasn1 = ["24f21b4fd2dc2b344dee2205fa3930464aa21292216d3d6e39007a2e059e21af", "2f57960dc7a2820ea5a1782b872d974b639aa3b448ac6628d1ecc5d0fe3986f2", "3651774ca1c9726307560792877db747ba5e8a844ea1a41feb7670b319800ab3", "602fda674355b4701acd7741b2be5ac188056594bf1eecf690816d944e52905e", "8fb265066eac1d3bb5015c6988981b009ccefd294008ff7973ed5f64335b0f2d", "9334cb427609d2b1e195bb1e251f99636f817d7e3e1dffa150cb3365188fb992", "9a15cc13ff6bf5ed29ac936ca941400be050dff19630d6cd1df3fb978ef4c5ad", "a66dcda18dbf6e4663bde70eb30af3fc4fe1acb2d14c4867a861681887a5f9a2", "ba77f1e8d7d58abc42bfeddd217b545fdab4c1eeb50fd37c2219810ad56303bf", "cdc8eb2eaafb56de66786afa6809cd9db2df1b3b595dcb25aa5b9dc61189d40a", "d01fbba900c80b42af5c3fe1a999acf61e27bf0e452e0f1ef4619065e57622da", "f281bf11fe204f05859225ec2e9da7a7c140b65deccd8a4eb0bc75d0bd6949e0", "fb81622d8f3509f0026b0683fe90fea27be7284d3826a5f2edf97f69151ab0fc"]
pycparser = ["99a8ca03e29851d96616ad0404b4aad7d9ee16f25c9f9708a11faf2810f7b226"]
pygments = ["78f3f434bcc5d6ee09020f92ba487f95ba50f1e3ef83ae96b9d5ffa1bab25c5d", "dbae1046def0efb574852fab9e90209b23f556367b5a320c0bcb871c77c3e8cc"]
pyopenssl = ["26ff56a6b5ecaf3a2a59f132681e2a80afcc76b4f902f612f518f92c2a1bf854", "6488f1423b00f73b7ad5167885312bb0ce410d3312eb212393795b53c8caa580"]
requests = ["63b52e3c866428a224f97cab011de738c36aec0185aa91cfacd418b5d58911d1", "ec22d826a36ed72a7358ff3fe56cbd4ba69dd7a6718ffd450ff0e9df7a47ce6a"]
six = ["70e8a77beed4562e7f14fe23a786b54f6296e34344c23bc42f07b15018ff98e9", "832dc0e10feb1aa2c68dcc57dbb658f1c7e65b9b61af69048abc87a2db00a0eb"]
toml = ["8e86bd6ce8cc11b9620cb637466453d94f5d57ad86f17e98a98d1f73e3baab2d"]
tomlkit = ["b35a3fb3868670cb35936097d74f603b3ed3e94c825e1e432bb9f8142a127ebd", "ca16c02cf77cc5ad75df71ba1a8607f65b2a809931dec17e9b248ffa38d4a239"]
typing = ["3a887b021a77b292e151afb75323dea88a7bc1b3dfa92176cff8e44c8b68bddf", "b2c689d54e1144bbcfd191b0832980a21c2dbcf7b5ff7a66248a60c90e951eb8", "d400a9344254803a2368533e4533a4200d21eb7b6b729c173bc38201a74db3f2"]
urllib3 = ["a68ac5e15e76e7e5dd2b8f94007233e01effe3e50e8daddf69acfd81cb686baf", "b5725a0bd4ba422ab0e66e89e030c806576753ea3ee08554382c14e685d117b5"]
wcwidth = ["3df37372226d6e63e1b1e1eda15c594bca98a22d33a23832a90998faa96bc65e", "f4ebe71925af7b40a864553f761ed559b43544f8f71746c2d756c7fe788ade7c"]
